
Microsoft Visual Studio Solution File, Format Version 12.00
# Visual Studio 2013
VisualStudioVersion = 12.0.20623.1 VSUPREVIEW
MinimumVisualStudioVersion = 10.0.40219.1
Project("{FAE04EC0-301F-11D3-BF4B-00C04F79EFBC}") = "Ex-terminate", "Ex-terminate\Ex-terminate.csproj", "{B002D20B-87A3-43E6-8730-F82B44495CEA}"
EndProject
Global
	GlobalSection(SolutionConfigurationPlatforms) = preSolution
		Debug|Any CPU = Debug|Any CPU
		Release|Any CPU = Release|Any CPU
	EndGlobalSection
	GlobalSection(ProjectConfigurationPlatforms) = postSolution
		{B002D20B-87A3-43E6-8730-F82B44495CEA}.Debug|Any CPU.ActiveCfg = Debug|Any CPU
		{B002D20B-87A3-43E6-8730-F82B44495CEA}.Debug|Any CPU.Build.0 = Debug|Any CPU
		{B002D20B-87A3-43E6-8730-F82B44495CEA}.Release|Any CPU.ActiveCfg = Release|Any CPU
		{B002D20B-87A3-43E6-8730-F82B44495CEA}.Release|Any CPU.Build.0 = Release|Any CPU
	EndGlobalSection
	GlobalSection(SolutionProperties) = preSolution
		HideSolutionNode = FALSE
	EndGlobalSection
EndGlobal
